// !$*UTF8*$!
{
	archiveVersion = 1;
	classes = {
	};
	objectVersion = 51;
	objects = {

/* Begin PBXBuildFile section */
		5358BCA425F0357100F203BC /* SessionStore.swift in Sources */ = {isa = PBXBuildFile; fileRef = 5358BCA325F0357100F203BC /* SessionStore.swift */; };
		5358BCA525F0357100F203BC /* SessionStore.swift in Sources */ = {isa = PBXBuildFile; fileRef = 5358BCA325F0357100F203BC /* SessionStore.swift */; };
		535D7739260FF116008E8BC7 /* PostCardService.swift in Sources */ = {isa = PBXBuildFile; fileRef = 535D7738260FF116008E8BC7 /* PostCardService.swift */; };
		535D773A260FF116008E8BC7 /* PostCardService.swift in Sources */ = {isa = PBXBuildFile; fileRef = 535D7738260FF116008E8BC7 /* PostCardService.swift */; };
		535D775F2611026D008E8BC7 /* PostView.swift in Sources */ = {isa = PBXBuildFile; fileRef = 535D775E2611026D008E8BC7 /* PostView.swift */; };
		535D77602611026D008E8BC7 /* PostView.swift in Sources */ = {isa = PBXBuildFile; fileRef = 535D775E2611026D008E8BC7 /* PostView.swift */; };
		535D776A26110799008E8BC7 /* MyPostView.swift in Sources */ = {isa = PBXBuildFile; fileRef = 535D776926110799008E8BC7 /* MyPostView.swift */; };
		535D776B26110799008E8BC7 /* MyPostView.swift in Sources */ = {isa = PBXBuildFile; fileRef = 535D776926110799008E8BC7 /* MyPostView.swift */; };
		535D77752611093B008E8BC7 /* LoadPostsSevice.swift in Sources */ = {isa = PBXBuildFile; fileRef = 535D77742611093B008E8BC7 /* LoadPostsSevice.swift */; };
		535D77762611093B008E8BC7 /* LoadPostsSevice.swift in Sources */ = {isa = PBXBuildFile; fileRef = 535D77742611093B008E8BC7 /* LoadPostsSevice.swift */; };
		535D777C26110B1F008E8BC7 /* schoolModel.swift in Sources */ = {isa = PBXBuildFile; fileRef = 535D777B26110B1F008E8BC7 /* schoolModel.swift */; };
		535D777D26110B1F008E8BC7 /* schoolModel.swift in Sources */ = {isa = PBXBuildFile; fileRef = 535D777B26110B1F008E8BC7 /* schoolModel.swift */; };
		535D77DD2611264A008E8BC7 /* LoadMotherBoardsService.swift in Sources */ = {isa = PBXBuildFile; fileRef = 535D77DC26112649008E8BC7 /* LoadMotherBoardsService.swift */; };
		535D77DE2611264A008E8BC7 /* LoadMotherBoardsService.swift in Sources */ = {isa = PBXBuildFile; fileRef = 535D77DC26112649008E8BC7 /* LoadMotherBoardsService.swift */; };
		535D77F426112D70008E8BC7 /* LoadBoardsService.swift in Sources */ = {isa = PBXBuildFile; fileRef = 535D77F326112D70008E8BC7 /* LoadBoardsService.swift */; };
		535D77F526112D70008E8BC7 /* LoadBoardsService.swift in Sources */ = {isa = PBXBuildFile; fileRef = 535D77F326112D70008E8BC7 /* LoadBoardsService.swift */; };
		535D783B26123D2D008E8BC7 /* AdminView.swift in Sources */ = {isa = PBXBuildFile; fileRef = 535D783A26123D2D008E8BC7 /* AdminView.swift */; };
		535D783C26123D2D008E8BC7 /* AdminView.swift in Sources */ = {isa = PBXBuildFile; fileRef = 535D783A26123D2D008E8BC7 /* AdminView.swift */; };
		535D784226124508008E8BC7 /* AdminService.swift in Sources */ = {isa = PBXBuildFile; fileRef = 535D784126124508008E8BC7 /* AdminService.swift */; };
		535D784326124508008E8BC7 /* AdminService.swift in Sources */ = {isa = PBXBuildFile; fileRef = 535D784126124508008E8BC7 /* AdminService.swift */; };
		5360F16F2606739F0038B8D2 /* NotificationsView.swift in Sources */ = {isa = PBXBuildFile; fileRef = 5360F16E2606739F0038B8D2 /* NotificationsView.swift */; };
		5360F1702606739F0038B8D2 /* NotificationsView.swift in Sources */ = {isa = PBXBuildFile; fileRef = 5360F16E2606739F0038B8D2 /* NotificationsView.swift */; };
		5360F182260677CF0038B8D2 /* PostService.swift in Sources */ = {isa = PBXBuildFile; fileRef = 5360F181260677CF0038B8D2 /* PostService.swift */; };
		5360F183260677CF0038B8D2 /* PostService.swift in Sources */ = {isa = PBXBuildFile; fileRef = 5360F181260677CF0038B8D2 /* PostService.swift */; };
		5360F18D26067CA50038B8D2 /* UploadPost.swift in Sources */ = {isa = PBXBuildFile; fileRef = 5360F18C26067CA50038B8D2 /* UploadPost.swift */; };
		5360F18E26067CA50038B8D2 /* UploadPost.swift in Sources */ = {isa = PBXBuildFile; fileRef = 5360F18C26067CA50038B8D2 /* UploadPost.swift */; };
		5360F19C26068FC80038B8D2 /* ImagePicker.swift in Sources */ = {isa = PBXBuildFile; fileRef = 5360F19B26068FC80038B8D2 /* ImagePicker.swift */; };
		5360F19D26068FC80038B8D2 /* ImagePicker.swift in Sources */ = {isa = PBXBuildFile; fileRef = 5360F19B26068FC80038B8D2 /* ImagePicker.swift */; };
		536A0F2B25E122720014FD36 /* Tests_iOS.swift in Sources */ = {isa = PBXBuildFile; fileRef = 536A0F2A25E122720014FD36 /* Tests_iOS.swift */; };
		536A0F3625E122720014FD36 /* Tests_macOS.swift in Sources */ = {isa = PBXBuildFile; fileRef = 536A0F3525E122720014FD36 /* Tests_macOS.swift */; };
		536A0F3825E122720014FD36 /* collegeApp.swift in Sources */ = {isa = PBXBuildFile; fileRef = 536A0F0F25E122710014FD36 /* collegeApp.swift */; };
		536A0F3925E122720014FD36 /* collegeApp.swift in Sources */ = {isa = PBXBuildFile; fileRef = 536A0F0F25E122710014FD36 /* collegeApp.swift */; };
		536A0F3A25E122720014FD36 /* ContentView.swift in Sources */ = {isa = PBXBuildFile; fileRef = 536A0F1025E122710014FD36 /* ContentView.swift */; };
		536A0F3B25E122720014FD36 /* ContentView.swift in Sources */ = {isa = PBXBuildFile; fileRef = 536A0F1025E122710014FD36 /* ContentView.swift */; };
		536A0F3C25E122720014FD36 /* Assets.xcassets in Resources */ = {isa = PBXBuildFile; fileRef = 536A0F1125E122720014FD36 /* Assets.xcassets */; };
		536A0F3D25E122720014FD36 /* Assets.xcassets in Resources */ = {isa = PBXBuildFile; fileRef = 536A0F1125E122720014FD36 /* Assets.xcassets */; };
		536A0F5C25E1288C0014FD36 /* HomeView.swift in Sources */ = {isa = PBXBuildFile; fileRef = 536A0F5B25E1288C0014FD36 /* HomeView.swift */; };
		536A0F5D25E1288C0014FD36 /* HomeView.swift in Sources */ = {isa = PBXBuildFile; fileRef = 536A0F5B25E1288C0014FD36 /* HomeView.swift */; };
		536A0F6325E128960014FD36 /* BoardMainView.swift in Sources */ = {isa = PBXBuildFile; fileRef = 536A0F6225E128960014FD36 /* BoardMainView.swift */; };
		536A0F6425E128960014FD36 /* BoardMainView.swift in Sources */ = {isa = PBXBuildFile; fileRef = 536A0F6225E128960014FD36 /* BoardMainView.swift */; };
		536A0F7525E1332E0014FD36 /* GoogleService-Info.plist in Resources */ = {isa = PBXBuildFile; fileRef = 536A0F7425E1332E0014FD36 /* GoogleService-Info.plist */; };
		536A0F7625E1332E0014FD36 /* GoogleService-Info.plist in Resources */ = {isa = PBXBuildFile; fileRef = 536A0F7425E1332E0014FD36 /* GoogleService-Info.plist */; };
		536A0FD225E142ED0014FD36 /* MainView.swift in Sources */ = {isa = PBXBuildFile; fileRef = 536A0FD125E142ED0014FD36 /* MainView.swift */; };
		536A0FD325E142ED0014FD36 /* MainView.swift in Sources */ = {isa = PBXBuildFile; fileRef = 536A0FD125E142ED0014FD36 /* MainView.swift */; };
		5383605E260B37F400EEDA3C /* BoardView.swift in Sources */ = {isa = PBXBuildFile; fileRef = 5383605D260B37F400EEDA3C /* BoardView.swift */; };
		5383605F260B37F400EEDA3C /* BoardView.swift in Sources */ = {isa = PBXBuildFile; fileRef = 5383605D260B37F400EEDA3C /* BoardView.swift */; };
		5383606D260B403900EEDA3C /* motherBoardModel.swift in Sources */ = {isa = PBXBuildFile; fileRef = 5383606C260B403900EEDA3C /* motherBoardModel.swift */; };
		5383606E260B403900EEDA3C /* motherBoardModel.swift in Sources */ = {isa = PBXBuildFile; fileRef = 5383606C260B403900EEDA3C /* motherBoardModel.swift */; };
		53C8565C25E16C88008EF8BB /* Register.swift in Sources */ = {isa = PBXBuildFile; fileRef = 53C8565B25E16C88008EF8BB /* Register.swift */; };
		53C8565D25E16C88008EF8BB /* Register.swift in Sources */ = {isa = PBXBuildFile; fileRef = 53C8565B25E16C88008EF8BB /* Register.swift */; };
		53C856AB25E224AA008EF8BB /* LoginView.swift in Sources */ = {isa = PBXBuildFile; fileRef = 53C856AA25E224AA008EF8BB /* LoginView.swift */; };
		53C856AC25E224AA008EF8BB /* LoginView.swift in Sources */ = {isa = PBXBuildFile; fileRef = 53C856AA25E224AA008EF8BB /* LoginView.swift */; };
		53C856B225E25274008EF8BB /* Constant.swift in Sources */ = {isa = PBXBuildFile; fileRef = 53C856B125E25274008EF8BB /* Constant.swift */; };
		53C856B325E25274008EF8BB /* Constant.swift in Sources */ = {isa = PBXBuildFile; fileRef = 53C856B125E25274008EF8BB /* Constant.swift */; };
		53C862AB2609DD1300ECFCC2 /* boardModel.swift in Sources */ = {isa = PBXBuildFile; fileRef = 53C862AA2609DD1300ECFCC2 /* boardModel.swift */; };
		53C862AC2609DD1300ECFCC2 /* boardModel.swift in Sources */ = {isa = PBXBuildFile; fileRef = 53C862AA2609DD1300ECFCC2 /* boardModel.swift */; };
		53CFB51025ED772F009EADB1 /* LoadingView.swift in Sources */ = {isa = PBXBuildFile; fileRef = 53CFB50F25ED772F009EADB1 /* LoadingView.swift */; };
		53CFB51125ED772F009EADB1 /* LoadingView.swift in Sources */ = {isa = PBXBuildFile; fileRef = 53CFB50F25ED772F009EADB1 /* LoadingView.swift */; };
		53CFB51B25F01966009EADB1 /* userModel.swift in Sources */ = {isa = PBXBuildFile; fileRef = 53CFB51A25F01966009EADB1 /* userModel.swift */; };
		53CFB51C25F01966009EADB1 /* userModel.swift in Sources */ = {isa = PBXBuildFile; fileRef = 53CFB51A25F01966009EADB1 /* userModel.swift */; };
		53CFB52725F01A3F009EADB1 /* Extensions.swift in Sources */ = {isa = PBXBuildFile; fileRef = 53CFB52625F01A3F009EADB1 /* Extensions.swift */; };
		53CFB52825F01A3F009EADB1 /* Extensions.swift in Sources */ = {isa = PBXBuildFile; fileRef = 53CFB52625F01A3F009EADB1 /* Extensions.swift */; };
		53CFB52F25F01CBA009EADB1 /* AuthService.swift in Sources */ = {isa = PBXBuildFile; fileRef = 53CFB52E25F01CBA009EADB1 /* AuthService.swift */; };
		53CFB53025F01CBA009EADB1 /* AuthService.swift in Sources */ = {isa = PBXBuildFile; fileRef = 53CFB52E25F01CBA009EADB1 /* AuthService.swift */; };
		53CFB53E25F01CCE009EADB1 /* StorageService.swift in Sources */ = {isa = PBXBuildFile; fileRef = 53CFB53D25F01CCE009EADB1 /* StorageService.swift */; };
		53CFB53F25F01CCE009EADB1 /* StorageService.swift in Sources */ = {isa = PBXBuildFile; fileRef = 53CFB53D25F01CCE009EADB1 /* StorageService.swift */; };
		53F9680F260405610064904F /* ProfileView.swift in Sources */ = {isa = PBXBuildFile; fileRef = 53F9680E260405610064904F /* ProfileView.swift */; };
		53F96810260405610064904F /* ProfileView.swift in Sources */ = {isa = PBXBuildFile; fileRef = 53F9680E260405610064904F /* ProfileView.swift */; };
		53F9681A26040A770064904F /* postModel.swift in Sources */ = {isa = PBXBuildFile; fileRef = 53F9681926040A770064904F /* postModel.swift */; };
		53F9681B26040A770064904F /* postModel.swift in Sources */ = {isa = PBXBuildFile; fileRef = 53F9681926040A770064904F /* postModel.swift */; };
		A75F95198885D2E6B08B1317 /* Pods_college__macOS_.framework in Frameworks */ = {isa = PBXBuildFile; fileRef = B94E08E2DEDCC3AD955A410E /* Pods_college__macOS_.framework */; };
		D3F57C1ED1E455FEB5B4B30B /* Pods_college__iOS_.framework in Frameworks */ = {isa = PBXBuildFile; fileRef = 55C4129D59530627883F6924 /* Pods_college__iOS_.framework */; };
/* End PBXBuildFile section */

/* Begin PBXContainerItemProxy section */
		536A0F2725E122720014FD36 /* PBXContainerItemProxy */ = {
			isa = PBXContainerItemProxy;
			containerPortal = 536A0F0A25E122710014FD36 /* Project object */;
			proxyType = 1;
			remoteGlobalIDString = 536A0F1525E122720014FD36;
			remoteInfo = "college (iOS)";
		};
		536A0F3225E122720014FD36 /* PBXContainerItemProxy */ = {
			isa = PBXContainerItemProxy;
			containerPortal = 536A0F0A25E122710014FD36 /* Project object */;
			proxyType = 1;
			remoteGlobalIDString = 536A0F1D25E122720014FD36;
			remoteInfo = "college (macOS)";
		};
/* End PBXContainerItemProxy section */

/* Begin PBXFileReference section */
		0D679FB0BF79D9F4A1D3DFD6 /* Pods-college (iOS).release.xcconfig */ = {isa = PBXFileReference; includeInIndex = 1; lastKnownFileType = text.xcconfig; name = "Pods-college (iOS).release.xcconfig"; path = "Target Support Files/Pods-college (iOS)/Pods-college (iOS).release.xcconfig"; sourceTree = "<group>"; };
		5358BCA325F0357100F203BC /* SessionStore.swift */ = {isa = PBXFileReference; lastKnownFileType = sourcecode.swift; path = SessionStore.swift; sourceTree = "<group>"; };
		535D7738260FF116008E8BC7 /* PostCardService.swift */ = {isa = PBXFileReference; lastKnownFileType = sourcecode.swift; path = PostCardService.swift; sourceTree = "<group>"; };
		535D775E2611026D008E8BC7 /* PostView.swift */ = {isa = PBXFileReference; lastKnownFileType = sourcecode.swift; path = PostView.swift; sourceTree = "<group>"; };
		535D776926110799008E8BC7 /* MyPostView.swift */ = {isa = PBXFileReference; lastKnownFileType = sourcecode.swift; path = MyPostView.swift; sourceTree = "<group>"; };
		535D77742611093B008E8BC7 /* LoadPostsSevice.swift */ = {isa = PBXFileReference; lastKnownFileType = sourcecode.swift; path = LoadPostsSevice.swift; sourceTree = "<group>"; };
		535D777B26110B1F008E8BC7 /* schoolModel.swift */ = {isa = PBXFileReference; lastKnownFileType = sourcecode.swift; path = schoolModel.swift; sourceTree = "<group>"; };
		535D77DC26112649008E8BC7 /* LoadMotherBoardsService.swift */ = {isa = PBXFileReference; lastKnownFileType = sourcecode.swift; path = LoadMotherBoardsService.swift; sourceTree = "<group>"; };
		535D77F326112D70008E8BC7 /* LoadBoardsService.swift */ = {isa = PBXFileReference; lastKnownFileType = sourcecode.swift; path = LoadBoardsService.swift; sourceTree = "<group>"; };
		535D783A26123D2D008E8BC7 /* AdminView.swift */ = {isa = PBXFileReference; lastKnownFileType = sourcecode.swift; path = AdminView.swift; sourceTree = "<group>"; };
		535D784126124508008E8BC7 /* AdminService.swift */ = {isa = PBXFileReference; lastKnownFileType = sourcecode.swift; path = AdminService.swift; sourceTree = "<group>"; };
		5360F16E2606739F0038B8D2 /* NotificationsView.swift */ = {isa = PBXFileReference; lastKnownFileType = sourcecode.swift; path = NotificationsView.swift; sourceTree = "<group>"; };
		5360F181260677CF0038B8D2 /* PostService.swift */ = {isa = PBXFileReference; lastKnownFileType = sourcecode.swift; path = PostService.swift; sourceTree = "<group>"; };
		5360F18C26067CA50038B8D2 /* UploadPost.swift */ = {isa = PBXFileReference; lastKnownFileType = sourcecode.swift; path = UploadPost.swift; sourceTree = "<group>"; };
		5360F19B26068FC80038B8D2 /* ImagePicker.swift */ = {isa = PBXFileReference; lastKnownFileType = sourcecode.swift; path = ImagePicker.swift; sourceTree = "<group>"; };
		536A0F0F25E122710014FD36 /* collegeApp.swift */ = {isa = PBXFileReference; lastKnownFileType = sourcecode.swift; path = collegeApp.swift; sourceTree = "<group>"; };
		536A0F1025E122710014FD36 /* ContentView.swift */ = {isa = PBXFileReference; lastKnownFileType = sourcecode.swift; path = ContentView.swift; sourceTree = "<group>"; };
		536A0F1125E122720014FD36 /* Assets.xcassets */ = {isa = PBXFileReference; lastKnownFileType = folder.assetcatalog; path = Assets.xcassets; sourceTree = "<group>"; };
		536A0F1625E122720014FD36 /* college.app */ = {isa = PBXFileReference; explicitFileType = wrapper.application; includeInIndex = 0; path = college.app; sourceTree = BUILT_PRODUCTS_DIR; };
		536A0F1925E122720014FD36 /* Info.plist */ = {isa = PBXFileReference; lastKnownFileType = text.plist.xml; path = Info.plist; sourceTree = "<group>"; };
		536A0F1E25E122720014FD36 /* college.app */ = {isa = PBXFileReference; explicitFileType = wrapper.application; includeInIndex = 0; path = college.app; sourceTree = BUILT_PRODUCTS_DIR; };
		536A0F2025E122720014FD36 /* Info.plist */ = {isa = PBXFileReference; lastKnownFileType = text.plist.xml; path = Info.plist; sourceTree = "<group>"; };
		536A0F2125E122720014FD36 /* macOS.entitlements */ = {isa = PBXFileReference; lastKnownFileType = text.plist.entitlements; path = macOS.entitlements; sourceTree = "<group>"; };
		536A0F2625E122720014FD36 /* Tests iOS.xctest */ = {isa = PBXFileReference; explicitFileType = wrapper.cfbundle; includeInIndex = 0; path = "Tests iOS.xctest"; sourceTree = BUILT_PRODUCTS_DIR; };
		536A0F2A25E122720014FD36 /* Tests_iOS.swift */ = {isa = PBXFileReference; lastKnownFileType = sourcecode.swift; path = Tests_iOS.swift; sourceTree = "<group>"; };
		536A0F2C25E122720014FD36 /* Info.plist */ = {isa = PBXFileReference; lastKnownFileType = text.plist.xml; path = Info.plist; sourceTree = "<group>"; };
		536A0F3125E122720014FD36 /* Tests macOS.xctest */ = {isa = PBXFileReference; explicitFileType = wrapper.cfbundle; includeInIndex = 0; path = "Tests macOS.xctest"; sourceTree = BUILT_PRODUCTS_DIR; };
		536A0F3525E122720014FD36 /* Tests_macOS.swift */ = {isa = PBXFileReference; lastKnownFileType = sourcecode.swift; path = Tests_macOS.swift; sourceTree = "<group>"; };
		536A0F3725E122720014FD36 /* Info.plist */ = {isa = PBXFileReference; lastKnownFileType = text.plist.xml; path = Info.plist; sourceTree = "<group>"; };
		536A0F5B25E1288C0014FD36 /* HomeView.swift */ = {isa = PBXFileReference; lastKnownFileType = sourcecode.swift; path = HomeView.swift; sourceTree = "<group>"; };
		536A0F6225E128960014FD36 /* BoardMainView.swift */ = {isa = PBXFileReference; lastKnownFileType = sourcecode.swift; path = BoardMainView.swift; sourceTree = "<group>"; };
		536A0F7425E1332E0014FD36 /* GoogleService-Info.plist */ = {isa = PBXFileReference; fileEncoding = 4; lastKnownFileType = text.plist.xml; path = "GoogleService-Info.plist"; sourceTree = "<group>"; };
		536A0FD125E142ED0014FD36 /* MainView.swift */ = {isa = PBXFileReference; lastKnownFileType = sourcecode.swift; path = MainView.swift; sourceTree = "<group>"; };
		5383605D260B37F400EEDA3C /* BoardView.swift */ = {isa = PBXFileReference; lastKnownFileType = sourcecode.swift; path = BoardView.swift; sourceTree = "<group>"; };
		5383606C260B403900EEDA3C /* motherBoardModel.swift */ = {isa = PBXFileReference; lastKnownFileType = sourcecode.swift; path = motherBoardModel.swift; sourceTree = "<group>"; };
		53C8565B25E16C88008EF8BB /* Register.swift */ = {isa = PBXFileReference; lastKnownFileType = sourcecode.swift; path = Register.swift; sourceTree = "<group>"; };
		53C856AA25E224AA008EF8BB /* LoginView.swift */ = {isa = PBXFileReference; lastKnownFileType = sourcecode.swift; path = LoginView.swift; sourceTree = "<group>"; };
		53C856B125E25274008EF8BB /* Constant.swift */ = {isa = PBXFileReference; lastKnownFileType = sourcecode.swift; path = Constant.swift; sourceTree = "<group>"; };
		53C862AA2609DD1300ECFCC2 /* boardModel.swift */ = {isa = PBXFileReference; lastKnownFileType = sourcecode.swift; path = boardModel.swift; sourceTree = "<group>"; };
		53CFB50F25ED772F009EADB1 /* LoadingView.swift */ = {isa = PBXFileReference; lastKnownFileType = sourcecode.swift; path = LoadingView.swift; sourceTree = "<group>"; };
		53CFB51A25F01966009EADB1 /* userModel.swift */ = {isa = PBXFileReference; lastKnownFileType = sourcecode.swift; path = userModel.swift; sourceTree = "<group>"; };
		53CFB52625F01A3F009EADB1 /* Extensions.swift */ = {isa = PBXFileReference; lastKnownFileType = sourcecode.swift; path = Extensions.swift; sourceTree = "<group>"; };
		53CFB52E25F01CBA009EADB1 /* AuthService.swift */ = {isa = PBXFileReference; lastKnownFileType = sourcecode.swift; path = AuthService.swift; sourceTree = "<group>"; };
		53CFB53D25F01CCE009EADB1 /* StorageService.swift */ = {isa = PBXFileReference; lastKnownFileType = sourcecode.swift; path = StorageService.swift; sourceTree = "<group>"; };
		53F9680E260405610064904F /* ProfileView.swift */ = {isa = PBXFileReference; lastKnownFileType = sourcecode.swift; path = ProfileView.swift; sourceTree = "<group>"; };
		53F9681926040A770064904F /* postModel.swift */ = {isa = PBXFileReference; lastKnownFileType = sourcecode.swift; path = postModel.swift; sourceTree = "<group>"; };
		55C4129D59530627883F6924 /* Pods_college__iOS_.framework */ = {isa = PBXFileReference; explicitFileType = wrapper.framework; includeInIndex = 0; path = Pods_college__iOS_.framework; sourceTree = BUILT_PRODUCTS_DIR; };
		95F7F626D867329132CFCD9F /* Pods-college (macOS).release.xcconfig */ = {isa = PBXFileReference; includeInIndex = 1; lastKnownFileType = text.xcconfig; name = "Pods-college (macOS).release.xcconfig"; path = "Target Support Files/Pods-college (macOS)/Pods-college (macOS).release.xcconfig"; sourceTree = "<group>"; };
		B94E08E2DEDCC3AD955A410E /* Pods_college__macOS_.framework */ = {isa = PBXFileReference; explicitFileType = wrapper.framework; includeInIndex = 0; path = Pods_college__macOS_.framework; sourceTree = BUILT_PRODUCTS_DIR; };
		BCD55997EDAA69E1C36A25D4 /* Pods-college (macOS).debug.xcconfig */ = {isa = PBXFileReference; includeInIndex = 1; lastKnownFileType = text.xcconfig; name = "Pods-college (macOS).debug.xcconfig"; path = "Target Support Files/Pods-college (macOS)/Pods-college (macOS).debug.xcconfig"; sourceTree = "<group>"; };
		D82ACEEAE162707ED8D66CC9 /* Pods-college (iOS).debug.xcconfig */ = {isa = PBXFileReference; includeInIndex = 1; lastKnownFileType = text.xcconfig; name = "Pods-college (iOS).debug.xcconfig"; path = "Target Support Files/Pods-college (iOS)/Pods-college (iOS).debug.xcconfig"; sourceTree = "<group>"; };
/* End PBXFileReference section */

/* Begin PBXFrameworksBuildPhase section */
		536A0F1325E122720014FD36 /* Frameworks */ = {
			isa = PBXFrameworksBuildPhase;
			buildActionMask = 2147483647;
			files = (
				D3F57C1ED1E455FEB5B4B30B /* Pods_college__iOS_.framework in Frameworks */,
			);
			runOnlyForDeploymentPostprocessing = 0;
		};
		536A0F1B25E122720014FD36 /* Frameworks */ = {
			isa = PBXFrameworksBuildPhase;
			buildActionMask = 2147483647;
			files = (
				A75F95198885D2E6B08B1317 /* Pods_college__macOS_.framework in Frameworks */,
			);
			runOnlyForDeploymentPostprocessing = 0;
		};
		536A0F2325E122720014FD36 /* Frameworks */ = {
			isa = PBXFrameworksBuildPhase;
			buildActionMask = 2147483647;
			files = (
			);
			runOnlyForDeploymentPostprocessing = 0;
		};
		536A0F2E25E122720014FD36 /* Frameworks */ = {
			isa = PBXFrameworksBuildPhase;
			buildActionMask = 2147483647;
			files = (
			);
			runOnlyForDeploymentPostprocessing = 0;
		};
/* End PBXFrameworksBuildPhase section */

/* Begin PBXGroup section */
		4DE2B87A484EA6557B5CD48F /* Pods */ = {
			isa = PBXGroup;
			children = (
				D82ACEEAE162707ED8D66CC9 /* Pods-college (iOS).debug.xcconfig */,
				0D679FB0BF79D9F4A1D3DFD6 /* Pods-college (iOS).release.xcconfig */,
				BCD55997EDAA69E1C36A25D4 /* Pods-college (macOS).debug.xcconfig */,
				95F7F626D867329132CFCD9F /* Pods-college (macOS).release.xcconfig */,
			);
			path = Pods;
			sourceTree = "<group>";
		};
		536A0F0925E122710014FD36 = {
			isa = PBXGroup;
			children = (
				536A0F0E25E122710014FD36 /* Shared */,
				536A0F1825E122720014FD36 /* iOS */,
				536A0F1F25E122720014FD36 /* macOS */,
				536A0F2925E122720014FD36 /* Tests iOS */,
				536A0F3425E122720014FD36 /* Tests macOS */,
				536A0F1725E122720014FD36 /* Products */,
				4DE2B87A484EA6557B5CD48F /* Pods */,
				B27FA104AEF5CC74C2C6D953 /* Frameworks */,
			);
			sourceTree = "<group>";
		};
		536A0F0E25E122710014FD36 /* Shared */ = {
			isa = PBXGroup;
			children = (
				53C856B125E25274008EF8BB /* Constant.swift */,
				53CFB52D25F01CAD009EADB1 /* Services */,
				536A0F8F25E13A330014FD36 /* Models */,
				536A0F8A25E13A2C0014FD36 /* Views */,
				536A0F1025E122710014FD36 /* ContentView.swift */,
				536A0F0F25E122710014FD36 /* collegeApp.swift */,
				536A0F1125E122720014FD36 /* Assets.xcassets */,
				536A0F7425E1332E0014FD36 /* GoogleService-Info.plist */,
				53CFB52525F01A2F009EADB1 /* Utilities */,
			);
			path = Shared;
			sourceTree = "<group>";
		};
		536A0F1725E122720014FD36 /* Products */ = {
			isa = PBXGroup;
			children = (
				536A0F1625E122720014FD36 /* college.app */,
				536A0F1E25E122720014FD36 /* college.app */,
				536A0F2625E122720014FD36 /* Tests iOS.xctest */,
				536A0F3125E122720014FD36 /* Tests macOS.xctest */,
			);
			name = Products;
			sourceTree = "<group>";
		};
		536A0F1825E122720014FD36 /* iOS */ = {
			isa = PBXGroup;
			children = (
				536A0F1925E122720014FD36 /* Info.plist */,
			);
			path = iOS;
			sourceTree = "<group>";
		};
		536A0F1F25E122720014FD36 /* macOS */ = {
			isa = PBXGroup;
			children = (
				536A0F2025E122720014FD36 /* Info.plist */,
				536A0F2125E122720014FD36 /* macOS.entitlements */,
			);
			path = macOS;
			sourceTree = "<group>";
		};
		536A0F2925E122720014FD36 /* Tests iOS */ = {
			isa = PBXGroup;
			children = (
				536A0F2A25E122720014FD36 /* Tests_iOS.swift */,
				536A0F2C25E122720014FD36 /* Info.plist */,
			);
			path = "Tests iOS";
			sourceTree = "<group>";
		};
		536A0F3425E122720014FD36 /* Tests macOS */ = {
			isa = PBXGroup;
			children = (
				536A0F3525E122720014FD36 /* Tests_macOS.swift */,
				536A0F3725E122720014FD36 /* Info.plist */,
			);
			path = "Tests macOS";
			sourceTree = "<group>";
		};
		536A0F8A25E13A2C0014FD36 /* Views */ = {
			isa = PBXGroup;
			children = (
				536A0FD125E142ED0014FD36 /* MainView.swift */,
				536A0F5B25E1288C0014FD36 /* HomeView.swift */,
				53F9680E260405610064904F /* ProfileView.swift */,
				536A0F6225E128960014FD36 /* BoardMainView.swift */,
				5383605D260B37F400EEDA3C /* BoardView.swift */,
				535D775E2611026D008E8BC7 /* PostView.swift */,
				5360F18C26067CA50038B8D2 /* UploadPost.swift */,
				535D776926110799008E8BC7 /* MyPostView.swift */,
				5360F16E2606739F0038B8D2 /* NotificationsView.swift */,
				53C856AA25E224AA008EF8BB /* LoginView.swift */,
				53C8565B25E16C88008EF8BB /* Register.swift */,
				53CFB50F25ED772F009EADB1 /* LoadingView.swift */,
				535D783A26123D2D008E8BC7 /* AdminView.swift */,
			);
			path = Views;
			sourceTree = "<group>";
		};
		536A0F8F25E13A330014FD36 /* Models */ = {
			isa = PBXGroup;
			children = (
				53CFB51A25F01966009EADB1 /* userModel.swift */,
				535D777B26110B1F008E8BC7 /* schoolModel.swift */,
				5383606C260B403900EEDA3C /* motherBoardModel.swift */,
				53C862AA2609DD1300ECFCC2 /* boardModel.swift */,
				53F9681926040A770064904F /* postModel.swift */,
			);
			path = Models;
			sourceTree = "<group>";
		};
		53CFB52525F01A2F009EADB1 /* Utilities */ = {
			isa = PBXGroup;
			children = (
				53CFB52625F01A3F009EADB1 /* Extensions.swift */,
				5360F19B26068FC80038B8D2 /* ImagePicker.swift */,
			);
			path = Utilities;
			sourceTree = "<group>";
		};
		53CFB52D25F01CAD009EADB1 /* Services */ = {
			isa = PBXGroup;
			children = (
				53CFB52E25F01CBA009EADB1 /* AuthService.swift */,
				535D784126124508008E8BC7 /* AdminService.swift */,
				5360F181260677CF0038B8D2 /* PostService.swift */,
				535D7738260FF116008E8BC7 /* PostCardService.swift */,
				53CFB53D25F01CCE009EADB1 /* StorageService.swift */,
				5358BCA325F0357100F203BC /* SessionStore.swift */,
				535D77DC26112649008E8BC7 /* LoadMotherBoardsService.swift */,
				535D77F326112D70008E8BC7 /* LoadBoardsService.swift */,
				535D77742611093B008E8BC7 /* LoadPostsSevice.swift */,
			);
			path = Services;
			sourceTree = "<group>";
		};
		B27FA104AEF5CC74C2C6D953 /* Frameworks */ = {
			isa = PBXGroup;
			children = (
				55C4129D59530627883F6924 /* Pods_college__iOS_.framework */,
				B94E08E2DEDCC3AD955A410E /* Pods_college__macOS_.framework */,
			);
			name = Frameworks;
			sourceTree = "<group>";
		};
/* End PBXGroup section */

/* Begin PBXNativeTarget section */
		536A0F1525E122720014FD36 /* college (iOS) */ = {
			isa = PBXNativeTarget;
			buildConfigurationList = 536A0F4025E122720014FD36 /* Build configuration list for PBXNativeTarget "college (iOS)" */;
			buildPhases = (
				2269159A6A2B5ACF8653F1F6 /* [CP] Check Pods Manifest.lock */,
				536A0F1225E122720014FD36 /* Sources */,
				536A0F1325E122720014FD36 /* Frameworks */,
				536A0F1425E122720014FD36 /* Resources */,
				6EC0786AE0B2659E1C23492C /* [CP] Embed Pods Frameworks */,
			);
			buildRules = (
			);
			dependencies = (
			);
			name = "college (iOS)";
			productName = "college (iOS)";
			productReference = 536A0F1625E122720014FD36 /* college.app */;
			productType = "com.apple.product-type.application";
		};
		536A0F1D25E122720014FD36 /* college (macOS) */ = {
			isa = PBXNativeTarget;
			buildConfigurationList = 536A0F4325E122720014FD36 /* Build configuration list for PBXNativeTarget "college (macOS)" */;
			buildPhases = (
				57D87852AC4FB5B77D6F4C22 /* [CP] Check Pods Manifest.lock */,
				536A0F1A25E122720014FD36 /* Sources */,
				536A0F1B25E122720014FD36 /* Frameworks */,
				536A0F1C25E122720014FD36 /* Resources */,
			);
			buildRules = (
			);
			dependencies = (
			);
			name = "college (macOS)";
			productName = "college (macOS)";
			productReference = 536A0F1E25E122720014FD36 /* college.app */;
			productType = "com.apple.product-type.application";
		};
		536A0F2525E122720014FD36 /* Tests iOS */ = {
			isa = PBXNativeTarget;
			buildConfigurationList = 536A0F4625E122720014FD36 /* Build configuration list for PBXNativeTarget "Tests iOS" */;
			buildPhases = (
				536A0F2225E122720014FD36 /* Sources */,
				536A0F2325E122720014FD36 /* Frameworks */,
				536A0F2425E122720014FD36 /* Resources */,
			);
			buildRules = (
			);
			dependencies = (
				536A0F2825E122720014FD36 /* PBXTargetDependency */,
			);
			name = "Tests iOS";
			productName = "Tests iOS";
			productReference = 536A0F2625E122720014FD36 /* Tests iOS.xctest */;
			productType = "com.apple.product-type.bundle.ui-testing";
		};
		536A0F3025E122720014FD36 /* Tests macOS */ = {
			isa = PBXNativeTarget;
			buildConfigurationList = 536A0F4925E122720014FD36 /* Build configuration list for PBXNativeTarget "Tests macOS" */;
			buildPhases = (
				536A0F2D25E122720014FD36 /* Sources */,
				536A0F2E25E122720014FD36 /* Frameworks */,
				536A0F2F25E122720014FD36 /* Resources */,
			);
			buildRules = (
			);
			dependencies = (
				536A0F3325E122720014FD36 /* PBXTargetDependency */,
			);
			name = "Tests macOS";
			productName = "Tests macOS";
			productReference = 536A0F3125E122720014FD36 /* Tests macOS.xctest */;
			productType = "com.apple.product-type.bundle.ui-testing";
		};
/* End PBXNativeTarget section */

/* Begin PBXProject section */
		536A0F0A25E122710014FD36 /* Project object */ = {
			isa = PBXProject;
			attributes = {
				LastSwiftUpdateCheck = 1240;
				LastUpgradeCheck = 1240;
				TargetAttributes = {
					536A0F1525E122720014FD36 = {
						CreatedOnToolsVersion = 12.4;
					};
					536A0F1D25E122720014FD36 = {
						CreatedOnToolsVersion = 12.4;
					};
					536A0F2525E122720014FD36 = {
						CreatedOnToolsVersion = 12.4;
						TestTargetID = 536A0F1525E122720014FD36;
					};
					536A0F3025E122720014FD36 = {
						CreatedOnToolsVersion = 12.4;
						TestTargetID = 536A0F1D25E122720014FD36;
					};
				};
			};
			buildConfigurationList = 536A0F0D25E122710014FD36 /* Build configuration list for PBXProject "college" */;
			compatibilityVersion = "Xcode 9.3";
			developmentRegion = en;
			hasScannedForEncodings = 0;
			knownRegions = (
				en,
				Base,
			);
			mainGroup = 536A0F0925E122710014FD36;
			productRefGroup = 536A0F1725E122720014FD36 /* Products */;
			projectDirPath = "";
			projectRoot = "";
			targets = (
				536A0F1525E122720014FD36 /* college (iOS) */,
				536A0F1D25E122720014FD36 /* college (macOS) */,
				536A0F2525E122720014FD36 /* Tests iOS */,
				536A0F3025E122720014FD36 /* Tests macOS */,
			);
		};
/* End PBXProject section */

/* Begin PBXResourcesBuildPhase section */
		536A0F1425E122720014FD36 /* Resources */ = {
			isa = PBXResourcesBuildPhase;
			buildActionMask = 2147483647;
			files = (
				536A0F3C25E122720014FD36 /* Assets.xcassets in Resources */,
				536A0F7525E1332E0014FD36 /* GoogleService-Info.plist in Resources */,
			);
			runOnlyForDeploymentPostprocessing = 0;
		};
		536A0F1C25E122720014FD36 /* Resources */ = {
			isa = PBXResourcesBuildPhase;
			buildActionMask = 2147483647;
			files = (
				536A0F3D25E122720014FD36 /* Assets.xcassets in Resources */,
				536A0F7625E1332E0014FD36 /* GoogleService-Info.plist in Resources */,
			);
			runOnlyForDeploymentPostprocessing = 0;
		};
		536A0F2425E122720014FD36 /* Resources */ = {
			isa = PBXResourcesBuildPhase;
			buildActionMask = 2147483647;
			files = (
			);
			runOnlyForDeploymentPostprocessing = 0;
		};
		536A0F2F25E122720014FD36 /* Resources */ = {
			isa = PBXResourcesBuildPhase;
			buildActionMask = 2147483647;
			files = (
			);
			runOnlyForDeploymentPostprocessing = 0;
		};
/* End PBXResourcesBuildPhase section */

/* Begin PBXShellScriptBuildPhase section */
		2269159A6A2B5ACF8653F1F6 /* [CP] Check Pods Manifest.lock */ = {
			isa = PBXShellScriptBuildPhase;
			buildActionMask = 2147483647;
			files = (
			);
			inputFileListPaths = (
			);
			inputPaths = (
				"${PODS_PODFILE_DIR_PATH}/Podfile.lock",
				"${PODS_ROOT}/Manifest.lock",
			);
			name = "[CP] Check Pods Manifest.lock";
			outputFileListPaths = (
			);
			outputPaths = (
				"$(DERIVED_FILE_DIR)/Pods-college (iOS)-checkManifestLockResult.txt",
			);
			runOnlyForDeploymentPostprocessing = 0;
			shellPath = /bin/sh;
			shellScript = "diff \"${PODS_PODFILE_DIR_PATH}/Podfile.lock\" \"${PODS_ROOT}/Manifest.lock\" > /dev/null\nif [ $? != 0 ] ; then\n    # print error to STDERR\n    echo \"error: The sandbox is not in sync with the Podfile.lock. Run 'pod install' or update your CocoaPods installation.\" >&2\n    exit 1\nfi\n# This output is used by Xcode 'outputs' to avoid re-running this script phase.\necho \"SUCCESS\" > \"${SCRIPT_OUTPUT_FILE_0}\"\n";
			showEnvVarsInLog = 0;
		};
		57D87852AC4FB5B77D6F4C22 /* [CP] Check Pods Manifest.lock */ = {
			isa = PBXShellScriptBuildPhase;
			buildActionMask = 2147483647;
			files = (
			);
			inputFileListPaths = (
			);
			inputPaths = (
				"${PODS_PODFILE_DIR_PATH}/Podfile.lock",
				"${PODS_ROOT}/Manifest.lock",
			);
			name = "[CP] Check Pods Manifest.lock";
			outputFileListPaths = (
			);
			outputPaths = (
				"$(DERIVED_FILE_DIR)/Pods-college (macOS)-checkManifestLockResult.txt",
			);
			runOnlyForDeploymentPostprocessing = 0;
			shellPath = /bin/sh;
			shellScript = "diff \"${PODS_PODFILE_DIR_PATH}/Podfile.lock\" \"${PODS_ROOT}/Manifest.lock\" > /dev/null\nif [ $? != 0 ] ; then\n    # print error to STDERR\n    echo \"error: The sandbox is not in sync with the Podfile.lock. Run 'pod install' or update your CocoaPods installation.\" >&2\n    exit 1\nfi\n# This output is used by Xcode 'outputs' to avoid re-running this script phase.\necho \"SUCCESS\" > \"${SCRIPT_OUTPUT_FILE_0}\"\n";
			showEnvVarsInLog = 0;
		};
		6EC0786AE0B2659E1C23492C /* [CP] Embed Pods Frameworks */ = {
			isa = PBXShellScriptBuildPhase;
			buildActionMask = 2147483647;
			files = (
			);
			inputFileListPaths = (
				"${PODS_ROOT}/Target Support Files/Pods-college (iOS)/Pods-college (iOS)-frameworks-${CONFIGURATION}-input-files.xcfilelist",
			);
			name = "[CP] Embed Pods Frameworks";
			outputFileListPaths = (
				"${PODS_ROOT}/Target Support Files/Pods-college (iOS)/Pods-college (iOS)-frameworks-${CONFIGURATION}-output-files.xcfilelist",
			);
			runOnlyForDeploymentPostprocessing = 0;
			shellPath = /bin/sh;
			shellScript = "\"${PODS_ROOT}/Target Support Files/Pods-college (iOS)/Pods-college (iOS)-frameworks.sh\"\n";
			showEnvVarsInLog = 0;
		};
/* End PBXShellScriptBuildPhase section */

/* Begin PBXSourcesBuildPhase section */
		536A0F1225E122720014FD36 /* Sources */ = {
			isa = PBXSourcesBuildPhase;
			buildActionMask = 2147483647;
			files = (
				535D77F426112D70008E8BC7 /* LoadBoardsService.swift in Sources */,
				53C8565C25E16C88008EF8BB /* Register.swift in Sources */,
				536A0FD225E142ED0014FD36 /* MainView.swift in Sources */,
				53F9681A26040A770064904F /* postModel.swift in Sources */,
				5383605E260B37F400EEDA3C /* BoardView.swift in Sources */,
				5360F19C26068FC80038B8D2 /* ImagePicker.swift in Sources */,
				53C856B225E25274008EF8BB /* Constant.swift in Sources */,
				535D784226124508008E8BC7 /* AdminService.swift in Sources */,
				53CFB51025ED772F009EADB1 /* LoadingView.swift in Sources */,
				535D77752611093B008E8BC7 /* LoadPostsSevice.swift in Sources */,
				536A0F5C25E1288C0014FD36 /* HomeView.swift in Sources */,
				535D775F2611026D008E8BC7 /* PostView.swift in Sources */,
				536A0F3A25E122720014FD36 /* ContentView.swift in Sources */,
				536A0F6325E128960014FD36 /* BoardMainView.swift in Sources */,
				53F9680F260405610064904F /* ProfileView.swift in Sources */,
				535D777C26110B1F008E8BC7 /* schoolModel.swift in Sources */,
				535D77DD2611264A008E8BC7 /* LoadMotherBoardsService.swift in Sources */,
				5360F18D26067CA50038B8D2 /* UploadPost.swift in Sources */,
				535D783B26123D2D008E8BC7 /* AdminView.swift in Sources */,
				53C862AB2609DD1300ECFCC2 /* boardModel.swift in Sources */,
				535D7739260FF116008E8BC7 /* PostCardService.swift in Sources */,
				53CFB52725F01A3F009EADB1 /* Extensions.swift in Sources */,
				536A0F3825E122720014FD36 /* collegeApp.swift in Sources */,
				53CFB52F25F01CBA009EADB1 /* AuthService.swift in Sources */,
				5358BCA425F0357100F203BC /* SessionStore.swift in Sources */,
				5383606D260B403900EEDA3C /* motherBoardModel.swift in Sources */,
				535D776A26110799008E8BC7 /* MyPostView.swift in Sources */,
				5360F182260677CF0038B8D2 /* PostService.swift in Sources */,
				53CFB51B25F01966009EADB1 /* userModel.swift in Sources */,
				53C856AB25E224AA008EF8BB /* LoginView.swift in Sources */,
				53CFB53E25F01CCE009EADB1 /* StorageService.swift in Sources */,
				5360F16F2606739F0038B8D2 /* NotificationsView.swift in Sources */,
			);
			runOnlyForDeploymentPostprocessing = 0;
		};
		536A0F1A25E122720014FD36 /* Sources */ = {
			isa = PBXSourcesBuildPhase;
			buildActionMask = 2147483647;
			files = (
				535D77F526112D70008E8BC7 /* LoadBoardsService.swift in Sources */,
				53C8565D25E16C88008EF8BB /* Register.swift in Sources */,
				536A0FD325E142ED0014FD36 /* MainView.swift in Sources */,
				53F9681B26040A770064904F /* postModel.swift in Sources */,
				5383605F260B37F400EEDA3C /* BoardView.swift in Sources */,
				5360F19D26068FC80038B8D2 /* ImagePicker.swift in Sources */,
				53C856B325E25274008EF8BB /* Constant.swift in Sources */,
				535D784326124508008E8BC7 /* AdminService.swift in Sources */,
				53CFB51125ED772F009EADB1 /* LoadingView.swift in Sources */,
				535D77762611093B008E8BC7 /* LoadPostsSevice.swift in Sources */,
				536A0F5D25E1288C0014FD36 /* HomeView.swift in Sources */,
				535D77602611026D008E8BC7 /* PostView.swift in Sources */,
				536A0F3B25E122720014FD36 /* ContentView.swift in Sources */,
				536A0F6425E128960014FD36 /* BoardMainView.swift in Sources */,
				53F96810260405610064904F /* ProfileView.swift in Sources */,
				535D777D26110B1F008E8BC7 /* schoolModel.swift in Sources */,
				535D77DE2611264A008E8BC7 /* LoadMotherBoardsService.swift in Sources */,
				5360F18E26067CA50038B8D2 /* UploadPost.swift in Sources */,
				535D783C26123D2D008E8BC7 /* AdminView.swift in Sources */,
				53C862AC2609DD1300ECFCC2 /* boardModel.swift in Sources */,
				535D773A260FF116008E8BC7 /* PostCardService.swift in Sources */,
				53CFB52825F01A3F009EADB1 /* Extensions.swift in Sources */,
				536A0F3925E122720014FD36 /* collegeApp.swift in Sources */,
				53CFB53025F01CBA009EADB1 /* AuthService.swift in Sources */,
				5358BCA525F0357100F203BC /* SessionStore.swift in Sources */,
				5383606E260B403900EEDA3C /* motherBoardModel.swift in Sources */,
				535D776B26110799008E8BC7 /* MyPostView.swift in Sources */,
				5360F183260677CF0038B8D2 /* PostService.swift in Sources */,
				53CFB51C25F01966009EADB1 /* userModel.swift in Sources */,
				53C856AC25E224AA008EF8BB /* LoginView.swift in Sources */,
				53CFB53F25F01CCE009EADB1 /* StorageService.swift in Sources */,
				5360F1702606739F0038B8D2 /* NotificationsView.swift in Sources */,
			);
			runOnlyForDeploymentPostprocessing = 0;
		};
		536A0F2225E122720014FD36 /* Sources */ = {
			isa = PBXSourcesBuildPhase;
			buildActionMask = 2147483647;
			files = (
				536A0F2B25E122720014FD36 /* Tests_iOS.swift in Sources */,
			);
			runOnlyForDeploymentPostprocessing = 0;
		};
		536A0F2D25E122720014FD36 /* Sources */ = {
			isa = PBXSourcesBuildPhase;
			buildActionMask = 2147483647;
			files = (
				536A0F3625E122720014FD36 /* Tests_macOS.swift in Sources */,
			);
			runOnlyForDeploymentPostprocessing = 0;
		};
/* End PBXSourcesBuildPhase section */

/* Begin PBXTargetDependency section */
		536A0F2825E122720014FD36 /* PBXTargetDependency */ = {
			isa = PBXTargetDependency;
			target = 536A0F1525E122720014FD36 /* college (iOS) */;
			targetProxy = 536A0F2725E122720014FD36 /* PBXContainerItemProxy */;
		};
		536A0F3325E122720014FD36 /* PBXTargetDependency */ = {
			isa = PBXTargetDependency;
			target = 536A0F1D25E122720014FD36 /* college (macOS) */;
			targetProxy = 536A0F3225E122720014FD36 /* PBXContainerItemProxy */;
		};
/* End PBXTargetDependency section */

/* Begin XCBuildConfiguration section */
		536A0F3E25E122720014FD36 /* Debug */ = {
			isa = XCBuildConfiguration;
			buildSettings = {
				ALWAYS_SEARCH_USER_PATHS = NO;
				CLANG_ANALYZER_NONNULL = YES;
				CLANG_ANALYZER_NUMBER_OBJECT_CONVERSION = YES_AGGRESSIVE;
				CLANG_CXX_LANGUAGE_STANDARD = "gnu++14";
				CLANG_CXX_LIBRARY = "libc++";
				CLANG_ENABLE_MODULES = YES;
				CLANG_ENABLE_OBJC_ARC = YES;
				CLANG_ENABLE_OBJC_WEAK = YES;
				CLANG_WARN_BLOCK_CAPTURE_AUTORELEASING = YES;
				CLANG_WARN_BOOL_CONVERSION = YES;
				CLANG_WARN_COMMA = YES;
				CLANG_WARN_CONSTANT_CONVERSION = YES;
				CLANG_WARN_DEPRECATED_OBJC_IMPLEMENTATIONS = YES;
				CLANG_WARN_DIRECT_OBJC_ISA_USAGE = YES_ERROR;
				CLANG_WARN_DOCUMENTATION_COMMENTS = YES;
				CLANG_WARN_EMPTY_BODY = YES;
				CLANG_WARN_ENUM_CONVERSION = YES;
				CLANG_WARN_INFINITE_RECURSION = YES;
				CLANG_WARN_INT_CONVERSION = YES;
				CLANG_WARN_NON_LITERAL_NULL_CONVERSION = YES;
				CLANG_WARN_OBJC_IMPLICIT_RETAIN_SELF = YES;
				CLANG_WARN_OBJC_LITERAL_CONVERSION = YES;
				CLANG_WARN_OBJC_ROOT_CLASS = YES_ERROR;
				CLANG_WARN_QUOTED_INCLUDE_IN_FRAMEWORK_HEADER = YES;
				CLANG_WARN_RANGE_LOOP_ANALYSIS = YES;
				CLANG_WARN_STRICT_PROTOTYPES = YES;
				CLANG_WARN_SUSPICIOUS_MOVE = YES;
				CLANG_WARN_UNGUARDED_AVAILABILITY = YES_AGGRESSIVE;
				CLANG_WARN_UNREACHABLE_CODE = YES;
				CLANG_WARN__DUPLICATE_METHOD_MATCH = YES;
				COPY_PHASE_STRIP = NO;
				DEBUG_INFORMATION_FORMAT = dwarf;
				ENABLE_STRICT_OBJC_MSGSEND = YES;
				ENABLE_TESTABILITY = YES;
				GCC_C_LANGUAGE_STANDARD = gnu11;
				GCC_DYNAMIC_NO_PIC = NO;
				GCC_NO_COMMON_BLOCKS = YES;
				GCC_OPTIMIZATION_LEVEL = 0;
				GCC_PREPROCESSOR_DEFINITIONS = (
					"DEBUG=1",
					"$(inherited)",
				);
				GCC_WARN_64_TO_32_BIT_CONVERSION = YES;
				GCC_WARN_ABOUT_RETURN_TYPE = YES_ERROR;
				GCC_WARN_UNDECLARED_SELECTOR = YES;
				GCC_WARN_UNINITIALIZED_AUTOS = YES_AGGRESSIVE;
				GCC_WARN_UNUSED_FUNCTION = YES;
				GCC_WARN_UNUSED_VARIABLE = YES;
				MTL_ENABLE_DEBUG_INFO = INCLUDE_SOURCE;
				MTL_FAST_MATH = YES;
				ONLY_ACTIVE_ARCH = YES;
				SWIFT_ACTIVE_COMPILATION_CONDITIONS = DEBUG;
				SWIFT_OPTIMIZATION_LEVEL = "-Onone";
			};
			name = Debug;
		};
		536A0F3F25E122720014FD36 /* Release */ = {
			isa = XCBuildConfiguration;
			buildSettings = {
				ALWAYS_SEARCH_USER_PATHS = NO;
				CLANG_ANALYZER_NONNULL = YES;
				CLANG_ANALYZER_NUMBER_OBJECT_CONVERSION = YES_AGGRESSIVE;
				CLANG_CXX_LANGUAGE_STANDARD = "gnu++14";
				CLANG_CXX_LIBRARY = "libc++";
				CLANG_ENABLE_MODULES = YES;
				CLANG_ENABLE_OBJC_ARC = YES;
				CLANG_ENABLE_OBJC_WEAK = YES;
				CLANG_WARN_BLOCK_CAPTURE_AUTORELEASING = YES;
				CLANG_WARN_BOOL_CONVERSION = YES;
				CLANG_WARN_COMMA = YES;
				CLANG_WARN_CONSTANT_CONVERSION = YES;
				CLANG_WARN_DEPRECATED_OBJC_IMPLEMENTATIONS = YES;
				CLANG_WARN_DIRECT_OBJC_ISA_USAGE = YES_ERROR;
				CLANG_WARN_DOCUMENTATION_COMMENTS = YES;
				CLANG_WARN_EMPTY_BODY = YES;
				CLANG_WARN_ENUM_CONVERSION = YES;
				CLANG_WARN_INFINITE_RECURSION = YES;
				CLANG_WARN_INT_CONVERSION = YES;
				CLANG_WARN_NON_LITERAL_NULL_CONVERSION = YES;
				CLANG_WARN_OBJC_IMPLICIT_RETAIN_SELF = YES;
				CLANG_WARN_OBJC_LITERAL_CONVERSION = YES;
				CLANG_WARN_OBJC_ROOT_CLASS = YES_ERROR;
				CLANG_WARN_QUOTED_INCLUDE_IN_FRAMEWORK_HEADER = YES;
				CLANG_WARN_RANGE_LOOP_ANALYSIS = YES;
				CLANG_WARN_STRICT_PROTOTYPES = YES;
				CLANG_WARN_SUSPICIOUS_MOVE = YES;
				CLANG_WARN_UNGUARDED_AVAILABILITY = YES_AGGRESSIVE;
				CLANG_WARN_UNREACHABLE_CODE = YES;
				CLANG_WARN__DUPLICATE_METHOD_MATCH = YES;
				COPY_PHASE_STRIP = NO;
				DEBUG_INFORMATION_FORMAT = "dwarf-with-dsym";
				ENABLE_NS_ASSERTIONS = NO;
				ENABLE_STRICT_OBJC_MSGSEND = YES;
				GCC_C_LANGUAGE_STANDARD = gnu11;
				GCC_NO_COMMON_BLOCKS = YES;
				GCC_WARN_64_TO_32_BIT_CONVERSION = YES;
				GCC_WARN_ABOUT_RETURN_TYPE = YES_ERROR;
				GCC_WARN_UNDECLARED_SELECTOR = YES;
				GCC_WARN_UNINITIALIZED_AUTOS = YES_AGGRESSIVE;
				GCC_WARN_UNUSED_FUNCTION = YES;
				GCC_WARN_UNUSED_VARIABLE = YES;
				MTL_ENABLE_DEBUG_INFO = NO;
				MTL_FAST_MATH = YES;
				SWIFT_COMPILATION_MODE = wholemodule;
				SWIFT_OPTIMIZATION_LEVEL = "-O";
			};
			name = Release;
		};
		536A0F4125E122720014FD36 /* Debug */ = {
			isa = XCBuildConfiguration;
			baseConfigurationReference = D82ACEEAE162707ED8D66CC9 /* Pods-college (iOS).debug.xcconfig */;
			buildSettings = {
				ASSETCATALOG_COMPILER_APPICON_NAME = AppIcon;
				ASSETCATALOG_COMPILER_GLOBAL_ACCENT_COLOR_NAME = AccentColor;
				CODE_SIGN_STYLE = Automatic;
				DEVELOPMENT_TEAM = 52M4J7JS38;
				ENABLE_PREVIEWS = YES;
				INFOPLIST_FILE = iOS/Info.plist;
				IPHONEOS_DEPLOYMENT_TARGET = 14.0;
				LD_RUNPATH_SEARCH_PATHS = (
					"$(inherited)",
					"@executable_path/Frameworks",
				);
				PRODUCT_BUNDLE_IDENTIFIER = com.0020727.college;
				PRODUCT_NAME = college;
				SDKROOT = iphoneos;
				SWIFT_VERSION = 5.0;
				TARGETED_DEVICE_FAMILY = "1,2";
			};
			name = Debug;
		};
		536A0F4225E122720014FD36 /* Release */ = {
			isa = XCBuildConfiguration;
			baseConfigurationReference = 0D679FB0BF79D9F4A1D3DFD6 /* Pods-college (iOS).release.xcconfig */;
			buildSettings = {
				ASSETCATALOG_COMPILER_APPICON_NAME = AppIcon;
				ASSETCATALOG_COMPILER_GLOBAL_ACCENT_COLOR_NAME = AccentColor;
				CODE_SIGN_STYLE = Automatic;
				DEVELOPMENT_TEAM = 52M4J7JS38;
				ENABLE_PREVIEWS = YES;
				INFOPLIST_FILE = iOS/Info.plist;
				IPHONEOS_DEPLOYMENT_TARGET = 14.0;
				LD_RUNPATH_SEARCH_PATHS = (
					"$(inherited)",
					"@executable_path/Frameworks",
				);
				PRODUCT_BUNDLE_IDENTIFIER = com.0020727.college;
				PRODUCT_NAME = college;
				SDKROOT = iphoneos;
				SWIFT_VERSION = 5.0;
				TARGETED_DEVICE_FAMILY = "1,2";
				VALIDATE_PRODUCT = YES;
			};
			name = Release;
		};
		536A0F4425E122720014FD36 /* Debug */ = {
			isa = XCBuildConfiguration;
			baseConfigurationReference = BCD55997EDAA69E1C36A25D4 /* Pods-college (macOS).debug.xcconfig */;
			buildSettings = {
				ASSETCATALOG_COMPILER_APPICON_NAME = AppIcon;
				ASSETCATALOG_COMPILER_GLOBAL_ACCENT_COLOR_NAME = AccentColor;
				CODE_SIGN_ENTITLEMENTS = macOS/macOS.entitlements;
				CODE_SIGN_STYLE = Automatic;
				COMBINE_HIDPI_IMAGES = YES;
				DEVELOPMENT_TEAM = 52M4J7JS38;
				ENABLE_HARDENED_RUNTIME = YES;
				ENABLE_PREVIEWS = YES;
				INFOPLIST_FILE = macOS/Info.plist;
				LD_RUNPATH_SEARCH_PATHS = (
					"$(inherited)",
					"@executable_path/../Frameworks",
				);
				MACOSX_DEPLOYMENT_TARGET = 11.0;
				PRODUCT_BUNDLE_IDENTIFIER = com.0020727.college;
				PRODUCT_NAME = college;
				SDKROOT = macosx;
				SWIFT_VERSION = 5.0;
			};
			name = Debug;
		};
		536A0F4525E122720014FD36 /* Release */ = {
			isa = XCBuildConfiguration;
			baseConfigurationReference = 95F7F626D867329132CFCD9F /* Pods-college (macOS).release.xcconfig */;
			buildSettings = {
				ASSETCATALOG_COMPILER_APPICON_NAME = AppIcon;
				ASSETCATALOG_COMPILER_GLOBAL_ACCENT_COLOR_NAME = AccentColor;
				CODE_SIGN_ENTITLEMENTS = macOS/macOS.entitlements;
				CODE_SIGN_STYLE = Automatic;
				COMBINE_HIDPI_IMAGES = YES;
				DEVELOPMENT_TEAM = 52M4J7JS38;
				ENABLE_HARDENED_RUNTIME = YES;
				ENABLE_PREVIEWS = YES;
				INFOPLIST_FILE = macOS/Info.plist;
				LD_RUNPATH_SEARCH_PATHS = (
					"$(inherited)",
					"@executable_path/../Frameworks",
				);
				MACOSX_DEPLOYMENT_TARGET = 11.0;
				PRODUCT_BUNDLE_IDENTIFIER = com.0020727.college;
				PRODUCT_NAME = college;
				SDKROOT = macosx;
				SWIFT_VERSION = 5.0;
			};
			name = Release;
		};
		536A0F4725E122720014FD36 /* Debug */ = {
			isa = XCBuildConfiguration;
			buildSettings = {
				ALWAYS_EMBED_SWIFT_STANDARD_LIBRARIES = YES;
				CODE_SIGN_STYLE = Automatic;
				DEVELOPMENT_TEAM = 52M4J7JS38;
				INFOPLIST_FILE = "Tests iOS/Info.plist";
				IPHONEOS_DEPLOYMENT_TARGET = 14.4;
				LD_RUNPATH_SEARCH_PATHS = (
					"$(inherited)",
					"@executable_path/Frameworks",
					"@loader_path/Frameworks",
				);
				PRODUCT_BUNDLE_IDENTIFIER = "-0020727.Tests-iOS";
				PRODUCT_NAME = "$(TARGET_NAME)";
				SDKROOT = iphoneos;
				SWIFT_VERSION = 5.0;
				TARGETED_DEVICE_FAMILY = "1,2";
				TEST_TARGET_NAME = "college (iOS)";
			};
			name = Debug;
		};
		536A0F4825E122720014FD36 /* Release */ = {
			isa = XCBuildConfiguration;
			buildSettings = {
				ALWAYS_EMBED_SWIFT_STANDARD_LIBRARIES = YES;
				CODE_SIGN_STYLE = Automatic;
				DEVELOPMENT_TEAM = 52M4J7JS38;
				INFOPLIST_FILE = "Tests iOS/Info.plist";
				IPHONEOS_DEPLOYMENT_TARGET = 14.4;
				LD_RUNPATH_SEARCH_PATHS = (
					"$(inherited)",
					"@executable_path/Frameworks",
					"@loader_path/Frameworks",
				);
				PRODUCT_BUNDLE_IDENTIFIER = "-0020727.Tests-iOS";
				PRODUCT_NAME = "$(TARGET_NAME)";
				SDKROOT = iphoneos;
				SWIFT_VERSION = 5.0;
				TARGETED_DEVICE_FAMILY = "1,2";
				TEST_TARGET_NAME = "college (iOS)";
				VALIDATE_PRODUCT = YES;
			};
			name = Release;
		};
		536A0F4A25E122720014FD36 /* Debug */ = {
			isa = XCBuildConfiguration;
			buildSettings = {
				ALWAYS_EMBED_SWIFT_STANDARD_LIBRARIES = YES;
				CODE_SIGN_STYLE = Automatic;
				COMBINE_HIDPI_IMAGES = YES;
				DEVELOPMENT_TEAM = 52M4J7JS38;
				INFOPLIST_FILE = "Tests macOS/Info.plist";
				LD_RUNPATH_SEARCH_PATHS = (
					"$(inherited)",
					"@executable_path/../Frameworks",
					"@loader_path/../Frameworks",
				);
				MACOSX_DEPLOYMENT_TARGET = 11.1;
				PRODUCT_BUNDLE_IDENTIFIER = "-0020727.Tests-macOS";
				PRODUCT_NAME = "$(TARGET_NAME)";
				SDKROOT = macosx;
				SWIFT_VERSION = 5.0;
				TEST_TARGET_NAME = "college (macOS)";
			};
			name = Debug;
		};
		536A0F4B25E122720014FD36 /* Release */ = {
			isa = XCBuildConfiguration;
			buildSettings = {
				ALWAYS_EMBED_SWIFT_STANDARD_LIBRARIES = YES;
				CODE_SIGN_STYLE = Automatic;
				COMBINE_HIDPI_IMAGES = YES;
				DEVELOPMENT_TEAM = 52M4J7JS38;
				INFOPLIST_FILE = "Tests macOS/Info.plist";
				LD_RUNPATH_SEARCH_PATHS = (
					"$(inherited)",
					"@executable_path/../Frameworks",
					"@loader_path/../Frameworks",
				);
				MACOSX_DEPLOYMENT_TARGET = 11.1;
				PRODUCT_BUNDLE_IDENTIFIER = "-0020727.Tests-macOS";
				PRODUCT_NAME = "$(TARGET_NAME)";
				SDKROOT = macosx;
				SWIFT_VERSION = 5.0;
				TEST_TARGET_NAME = "college (macOS)";
			};
			name = Release;
		};
/* End XCBuildConfiguration section */

/* Begin XCConfigurationList section */
		536A0F0D25E122710014FD36 /* Build configuration list for PBXProject "college" */ = {
			isa = XCConfigurationList;
			buildConfigurations = (
				536A0F3E25E122720014FD36 /* Debug */,
				536A0F3F25E122720014FD36 /* Release */,
			);
			defaultConfigurationIsVisible = 0;
			defaultConfigurationName = Release;
		};
		536A0F4025E122720014FD36 /* Build configuration list for PBXNativeTarget "college (iOS)" */ = {
			isa = XCConfigurationList;
			buildConfigurations = (
				536A0F4125E122720014FD36 /* Debug */,
				536A0F4225E122720014FD36 /* Release */,
			);
			defaultConfigurationIsVisible = 0;
			defaultConfigurationName = Release;
		};
		536A0F4325E122720014FD36 /* Build configuration list for PBXNativeTarget "college (macOS)" */ = {
			isa = XCConfigurationList;
			buildConfigurations = (
				536A0F4425E122720014FD36 /* Debug */,
				536A0F4525E122720014FD36 /* Release */,
			);
			defaultConfigurationIsVisible = 0;
			defaultConfigurationName = Release;
		};
		536A0F4625E122720014FD36 /* Build configuration list for PBXNativeTarget "Tests iOS" */ = {
			isa = XCConfigurationList;
			buildConfigurations = (
				536A0F4725E122720014FD36 /* Debug */,
				536A0F4825E122720014FD36 /* Release */,
			);
			defaultConfigurationIsVisible = 0;
			defaultConfigurationName = Release;
		};
		536A0F4925E122720014FD36 /* Build configuration list for PBXNativeTarget "Tests macOS" */ = {
			isa = XCConfigurationList;
			buildConfigurations = (
				536A0F4A25E122720014FD36 /* Debug */,
				536A0F4B25E122720014FD36 /* Release */,
			);
			defaultConfigurationIsVisible = 0;
			defaultConfigurationName = Release;
		};
/* End XCConfigurationList section */
	};
	rootObject = 536A0F0A25E122710014FD36 /* Project object */;
}
